
Microsoft Visual Studio Solution File, Format Version 12.00
# Visual Studio 15
VisualStudioVersion = 15.0.27130.2036
MinimumVisualStudioVersion = 10.0.40219.1
Project("{888888A0-9F3D-457C-B088-3A5042F75D52}") = "ISTC_ML", "ISTC_ML.pyproj", "{9D576CA8-84DD-44A8-ACB2-F8E5BBD5730D}"
EndProject
Global
	GlobalSection(SolutionConfigurationPlatforms) = preSolution
		Debug|Any CPU = Debug|Any CPU
		Release|Any CPU = Release|Any CPU
	EndGlobalSection
	GlobalSection(ProjectConfigurationPlatforms) = postSolution
		{9D576CA8-84DD-44A8-ACB2-F8E5BBD5730D}.Debug|Any CPU.ActiveCfg = Debug|Any CPU
		{9D576CA8-84DD-44A8-ACB2-F8E5BBD5730D}.Release|Any CPU.ActiveCfg = Release|Any CPU
	EndGlobalSection
	GlobalSection(SolutionProperties) = preSolution
		HideSolutionNode = FALSE
	EndGlobalSection
	GlobalSection(ExtensibilityGlobals) = postSolution
		SolutionGuid = {32826F89-7054-48FB-A084-DE532BAAFC6D}
	EndGlobalSection
EndGlobal
